version = "3.0"
[[tools.bun]]
version = "1.3.5"
backend = "core:bun"
"platforms.linux-arm64" = { checksum = "sha256:ed01000f85bd97785228ad2845dc92a1860b8054856826d7317690ac8f8ee74b", url = "https://github.com/oven-sh/bun/releases/download/bun-v1.3.5/bun-linux-aarch64.zip"}
"platforms.linux-arm64-musl" = { checksum = "sha256:980b567beeca875b79776d60a35b178309583df3f0973b3bae62f7244dc486ad", url = "https://github.com/oven-sh/bun/releases/download/bun-v1.3.5/bun-linux-aarch64-musl.zip"}
"platforms.linux-x64" = { checksum = "sha256:7051d86a924aefea3e0b96213b5fd8f79c0793f9cae6534233e627e5c3db4669", url = "https://github.com/oven-sh/bun/releases/download/bun-v1.3.5/bun-linux-x64.zip"}
"platforms.linux-x64-baseline" = { checksum = "sha256:6bddacd6a65855698b9816f2d74871eda4dd0b7fa921140c6445248f94a742fd", url = "https://github.com/oven-sh/bun/releases/download/bun-v1.3.5/bun-linux-x64-baseline.zip"}
"platforms.linux-x64-musl" = { checksum = "sha256:720d88e0e5f40450a1da91c0226f626b156eaa224876d794fa95f6ebf74f46b6", url = "https://github.com/oven-sh/bun/releases/download/bun-v1.3.5/bun-linux-x64-musl.zip"}
"platforms.linux-x64-musl-baseline" = { checksum = "sha256:57997319f8b9f72ce137363c3dfcd8d401327925108bb30dc5c3257452fba524", url = "https://github.com/oven-sh/bun/releases/download/bun-v1.3.5/bun-linux-x64-musl-baseline.zip"}
"platforms.macos-arm64" = { checksum = "sha256:db17588a4aea8804856825d4bead3f05e1f37276ca606f37e369b4f72f35d3fb", url = "https://github.com/oven-sh/bun/releases/download/bun-v1.3.5/bun-darwin-aarch64.zip"}
"platforms.macos-x64" = { checksum = "sha256:f5ffc03030fe527a86295fb5852bb08c5e99b707560011d1d509ab028902bf29", url = "https://github.com/oven-sh/bun/releases/download/bun-v1.3.5/bun-darwin-x64.zip"}
"platforms.macos-x64-baseline" = { checksum = "sha256:34b9a56b851058dafa1bc9d61233f2c383aa996889bba30b3180f5ccc2cff1b2", url = "https://github.com/oven-sh/bun/releases/download/bun-v1.3.5/bun-darwin-x64-baseline.zip"}
"platforms.windows-x64" = { checksum = "sha256:922cffdd5143cd118c6ccec6a61dfcf5d69e0068b048ea00f0a0615016530082", url = "https://github.com/oven-sh/bun/releases/download/bun-v1.3.5/bun-windows-x64.zip"}
"platforms.windows-x64-baseline" = { checksum = "sha256:bf447dcc3b06aba9b9706a9db46fcd65e06a4d47d31439922313825d06eb47ca", url = "https://github.com/oven-sh/bun/releases/download/bun-v1.3.5/bun-windows-x64-baseline.zip"}

[[tools.claude]]
version = "2.0.76"
backend = "http:claude"

[[tools.codex]]
version = "0.77.0"
backend = "aqua:openai/codex"
"platforms.linux-arm64" = { checksum = "sha256:99a0aa99dad371718e91c278cccc1d41504d9eaa123a81ce09ffb130355123e5", url = "https://github.com/openai/codex/releases/download/rust-v0.77.0/codex-aarch64-unknown-linux-musl.zst"}
"platforms.linux-x64" = { checksum = "sha256:95239c16fc26e7a5dae01828370e6cbc62feb991c4502a4c7f7226d721187556", url = "https://github.com/openai/codex/releases/download/rust-v0.77.0/codex-x86_64-unknown-linux-musl.zst"}
"platforms.macos-arm64" = { checksum = "sha256:020b5445eece807277dbe638669558fef4babfba009f82314e5fa575e8761143", url = "https://github.com/openai/codex/releases/download/rust-v0.77.0/codex-aarch64-apple-darwin.zst"}
"platforms.macos-x64" = { checksum = "sha256:f2968c8e9d7b9557a35e940b651f0d599e433c3d302a168ecce3e6c7e9c612cf", url = "https://github.com/openai/codex/releases/download/rust-v0.77.0/codex-x86_64-apple-darwin.zst"}
"platforms.windows-x64" = { checksum = "sha256:71c0d2440b74f167a11103dd7b22dc2bb10e65a49826cc2843704b59a9488ee5", url = "https://github.com/openai/codex/releases/download/rust-v0.77.0/codex-x86_64-pc-windows-msvc.exe.zst"}

[[tools.github-cli]]
version = "2.83.2"
backend = "aqua:cli/cli"
"platforms.linux-arm64" = { checksum = "sha256:b1a0c0a0fcf18524e36996caddc92a062355ed014defc836203fe20fba75a38e", url = "https://github.com/cli/cli/releases/download/v2.83.2/gh_2.83.2_linux_arm64.tar.gz"}
"platforms.linux-x64" = { checksum = "sha256:ca6e7641214fbd0e21429cec4b64a7ba626fd946d8f9d6d191467545b092015e", url = "https://github.com/cli/cli/releases/download/v2.83.2/gh_2.83.2_linux_amd64.tar.gz"}
"platforms.macos-arm64" = { checksum = "sha256:ba3e0396ebbc8da17256144ddda503e4e79c8b502166335569f8390d6b75fa8d", url = "https://github.com/cli/cli/releases/download/v2.83.2/gh_2.83.2_macOS_arm64.zip"}
"platforms.macos-x64" = { checksum = "sha256:6f1712519ccc768946791dc97da407bf188582345b73fef3d604d050ebf6f614", url = "https://github.com/cli/cli/releases/download/v2.83.2/gh_2.83.2_macOS_amd64.zip"}
"platforms.windows-x64" = { checksum = "sha256:b95bf2d953e3bf497bb2c0aed97ffcc5ed8471b80f0920d663a92a6111f05135", url = "https://github.com/cli/cli/releases/download/v2.83.2/gh_2.83.2_windows_amd64.zip"}

[[tools.go]]
version = "1.24.11"
backend = "core:go"
"platforms.linux-arm64" = { checksum = "sha256:beaf0f51cbe0bd71b8289b2b6fa96c0b11cd86aa58672691ef2f1de88eb621de", url = "https://dl.google.com/go/go1.24.11.linux-arm64.tar.gz"}
"platforms.linux-x64" = { checksum = "sha256:bceca00afaac856bc48b4cc33db7cd9eb383c81811379faed3bdbc80edb0af65", url = "https://dl.google.com/go/go1.24.11.linux-amd64.tar.gz"}
"platforms.macos-arm64" = { checksum = "sha256:a9c90c786e75d5d1da0547de2d1199034df6a4b163af2fa91b9168c65f229c12", url = "https://dl.google.com/go/go1.24.11.darwin-arm64.tar.gz"}
"platforms.macos-x64" = { checksum = "sha256:c45566cf265e2083cd0324e88648a9c28d0edede7b5fd12f8dc6932155a344c5", url = "https://dl.google.com/go/go1.24.11.darwin-amd64.tar.gz"}
"platforms.windows-x64" = { checksum = "sha256:39f6267b6bb2a1c0daa83f563b3bf0a1a3e49925ecf6da854f7ff7d5e78d6968", url = "https://dl.google.com/go/go1.24.11.windows-amd64.zip"}

[[tools.java]]
version = "openjdk-21.0.2"
backend = "core:java"

[[tools.node]]
version = "22.21.1"
backend = "core:node"
"platforms.linux-arm64" = { checksum = "sha256:c86830dedf77f8941faa6c5a9c863bdfdd1927a336a46943decc06a38f80bfb2", url = "https://nodejs.org/dist/v22.21.1/node-v22.21.1-linux-arm64.tar.gz"}
"platforms.linux-x64" = { checksum = "sha256:219a152ea859861d75adea578bdec3dce8143853c13c5187f40c40e77b0143b2", url = "https://nodejs.org/dist/v22.21.1/node-v22.21.1-linux-x64.tar.gz"}
"platforms.macos-arm64" = { checksum = "sha256:c170d6554fba83d41d25a76cdbad85487c077e51fa73519e41ac885aa429d8af", url = "https://nodejs.org/dist/v22.21.1/node-v22.21.1-darwin-arm64.tar.gz"}
"platforms.macos-x64" = { checksum = "sha256:8e3dc89614debe66c2a6ad2313a1adb06eb37db6cd6c40d7de6f7d987f7d1afd", url = "https://nodejs.org/dist/v22.21.1/node-v22.21.1-darwin-x64.tar.gz"}
"platforms.windows-x64" = { checksum = "sha256:3c624e9fbe07e3217552ec52a0f84e2bdc2e6ffa7348f3fdfb9fbf8f42e23fcf", url = "https://nodejs.org/dist/v22.21.1/node-v22.21.1-win-x64.zip"}

[[tools.opencode]]
version = "1.0.223"
backend = "aqua:sst/opencode"
"platforms.linux-arm64" = { checksum = "sha256:e6549b392ea52842a995da5eae4d35209df605066613b71e7883457d8ecaee9b", url = "https://github.com/sst/opencode/releases/download/v1.0.223/opencode-linux-arm64.tar.gz"}
"platforms.linux-x64" = { checksum = "sha256:6c1bf6114a0b08fdb4c15ceef9da4480df0297699e045db7dd9a2950b0b9cc09", url = "https://github.com/sst/opencode/releases/download/v1.0.223/opencode-linux-x64.tar.gz"}
"platforms.macos-arm64" = { checksum = "sha256:26dbc2f476945ffe5576a4e7d1f47e4f2dc64b8f2d7bd2380ec71c403fdbcfac", url = "https://github.com/sst/opencode/releases/download/v1.0.223/opencode-darwin-arm64.zip"}
"platforms.macos-x64" = { checksum = "sha256:919e20d84e293538299ed22eee5fe8b66052daa52313d13d0d41dad86321a8a4", url = "https://github.com/sst/opencode/releases/download/v1.0.223/opencode-darwin-x64.zip"}
"platforms.windows-x64" = { checksum = "sha256:c6a392f17c74ac72e18b32b1eea1e84844342b57f93b087b88775c6650667c62", url = "https://github.com/sst/opencode/releases/download/v1.0.223/opencode-windows-x64.zip"}

[[tools.python]]
version = "3.11.14"
backend = "core:python"

[[tools.ruby]]
version = "3.3.10"
backend = "core:ruby"
"platforms.linux-arm64" = { checksum = "sha256:d11d1d08c40bd0debacf3b012a5d4403850a7e9bf215a0421a4430840f08bf79", url = "https://github.com/jdx/ruby/releases/download/3.3.10/ruby-3.3.10.arm64_linux.tar.gz"}
"platforms.linux-x64" = { checksum = "sha256:c7fbdb591166b68e8b31b72eb8d2e3afa65859383efda8258fbfb83dcfaa8197", url = "https://github.com/jdx/ruby/releases/download/3.3.10/ruby-3.3.10.x86_64_linux.tar.gz"}
"platforms.macos-arm64" = { checksum = "sha256:1ec5e024ac9a10dc0673ad82b9fdc2bc473796b1b3adfee513319a8a1e6b072f", url = "https://github.com/jdx/ruby/releases/download/3.3.10/ruby-3.3.10.macos.tar.gz"}
"platforms.macos-x64" = { checksum = "sha256:b555baa467a306cfc8e6c6ed24d0d27b27e9a1bed1d91d95509859eac6b0e928", url = "https://cache.ruby-lang.org/pub/ruby/3.3/ruby-3.3.10.tar.gz"}
"platforms.windows-x64" = { checksum = "sha256:b555baa467a306cfc8e6c6ed24d0d27b27e9a1bed1d91d95509859eac6b0e928", url = "https://cache.ruby-lang.org/pub/ruby/3.3/ruby-3.3.10.tar.gz"}

[[tools.rust]]
version = "1.92.0"
backend = "core:rust"

[[tools.uv]]
version = "0.9.21"
backend = "aqua:astral-sh/uv"
"platforms.linux-arm64" = { checksum = "sha256:03a49fb609888032dbc3be9fd114b50fc9bce8b73b3df319746ae08d1fbdea83", url = "https://github.com/astral-sh/uv/releases/download/0.9.21/uv-aarch64-unknown-linux-musl.tar.gz"}
"platforms.linux-x64" = { checksum = "sha256:7abc29b3a06a99fb23564400fe884f5798a1786dc2ca05b6e0f70c53de748ab2", url = "https://github.com/astral-sh/uv/releases/download/0.9.21/uv-x86_64-unknown-linux-musl.tar.gz"}
"platforms.macos-arm64" = { checksum = "sha256:473977236ef8ac5937c80de08a3599cb6ed6021d0e015e10f88076767877a153", url = "https://github.com/astral-sh/uv/releases/download/0.9.21/uv-aarch64-apple-darwin.tar.gz"}
"platforms.macos-x64" = { checksum = "sha256:26390da48bd55e21ab62451a80ad240ef6df10d4c48ec199cbb34c18b4288983", url = "https://github.com/astral-sh/uv/releases/download/0.9.21/uv-x86_64-apple-darwin.tar.gz"}
"platforms.windows-x64" = { checksum = "sha256:d27952e73183ef8f6ee8c2a50cf8b3f2e08e01b6a9279a00a85cb261ea8d8337", url = "https://github.com/astral-sh/uv/releases/download/0.9.21/uv-x86_64-pc-windows-msvc.zip"}
